
Microsoft Visual Studio Solution File, Format Version 12.00
# Visual Studio 15
VisualStudioVersion = 15.0.27703.2026
MinimumVisualStudioVersion = 10.0.40219.1
Project("{FAE04EC0-301F-11D3-BF4B-00C04F79EFBC}") = "SexyTerminal", "SexyTerminal\SexyTerminal.csproj", "{14DFBCCB-CF82-454F-9EDC-014E0F5BBC40}"
EndProject
Global
	GlobalSection(SolutionConfigurationPlatforms) = preSolution
		Debug|Any CPU = Debug|Any CPU
		Release|Any CPU = Release|Any CPU
	EndGlobalSection
	GlobalSection(ProjectConfigurationPlatforms) = postSolution
		{14DFBCCB-CF82-454F-9EDC-014E0F5BBC40}.Debug|Any CPU.ActiveCfg = Debug|Any CPU
		{14DFBCCB-CF82-454F-9EDC-014E0F5BBC40}.Debug|Any CPU.Build.0 = Debug|Any CPU
		{14DFBCCB-CF82-454F-9EDC-014E0F5BBC40}.Release|Any CPU.ActiveCfg = Release|Any CPU
		{14DFBCCB-CF82-454F-9EDC-014E0F5BBC40}.Release|Any CPU.Build.0 = Release|Any CPU
	EndGlobalSection
	GlobalSection(SolutionProperties) = preSolution
		HideSolutionNode = FALSE
	EndGlobalSection
	GlobalSection(ExtensibilityGlobals) = postSolution
		SolutionGuid = {29EB1481-2CF1-4D93-AF36-B702C2ACC1B1}
	EndGlobalSection
EndGlobal
