
Microsoft Visual Studio Solution File, Format Version 11.00
# Visual Basic Express 2010
Project("{F184B08F-C81C-45F6-A57F-5ABD9991F28F}") = "WindowsApplication2", "WindowsApplication2\WindowsApplication2.vbproj", "{EAC2628F-2645-4E29-8A95-289DD8E1A1CC}"
EndProject
Global
	GlobalSection(SolutionConfigurationPlatforms) = preSolution
		Debug|x86 = Debug|x86
		Release|x86 = Release|x86
	EndGlobalSection
	GlobalSection(ProjectConfigurationPlatforms) = postSolution
		{EAC2628F-2645-4E29-8A95-289DD8E1A1CC}.Debug|x86.ActiveCfg = Debug|x86
		{EAC2628F-2645-4E29-8A95-289DD8E1A1CC}.Debug|x86.Build.0 = Debug|x86
		{EAC2628F-2645-4E29-8A95-289DD8E1A1CC}.Release|x86.ActiveCfg = Release|x86
		{EAC2628F-2645-4E29-8A95-289DD8E1A1CC}.Release|x86.Build.0 = Release|x86
	EndGlobalSection
	GlobalSection(SolutionProperties) = preSolution
		HideSolutionNode = FALSE
	EndGlobalSection
EndGlobal
