Microsoft Visual Studio Solution File, Format Version 12.00
VisualStudioVersion = 15.0.28010.2016
MinimumVisualStudioVersion = 10.0.40219.1
Project("{FAE04EC0-301F-11D3-BF4B-00C04F79EFBC}") = "XameteoTest", "XameteoTest\XameteoTest.csproj", "{2F999529-1DDD-4C9B-87CB-7E5CB6EAEBCA}"
EndProject
Global
	GlobalSection(SolutionConfigurationPlatforms) = preSolution
		Debug|x64 = Debug|x64
		Release|x64 = Release|x64
	EndGlobalSection
	GlobalSection(ProjectConfigurationPlatforms) = postSolution
		{2F999529-1DDD-4C9B-87CB-7E5CB6EAEBCA}.Debug|x64.ActiveCfg = Debug|x64
		{2F999529-1DDD-4C9B-87CB-7E5CB6EAEBCA}.Debug|x64.Build.0 = Debug|x64
		{2F999529-1DDD-4C9B-87CB-7E5CB6EAEBCA}.Release|x64.ActiveCfg = Release|x64
		{2F999529-1DDD-4C9B-87CB-7E5CB6EAEBCA}.Release|x64.Build.0 = Release|x64
	EndGlobalSection
	GlobalSection(SolutionProperties) = preSolution
		HideSolutionNode = FALSE
	EndGlobalSection
	GlobalSection(ExtensibilityGlobals) = postSolution
		SolutionGuid = {D2EA5F47-FA0C-463F-9569-D92186E39690}
	EndGlobalSection
EndGlobal